
Microsoft Visual Studio Solution File, Format Version 12.00
# Visual Studio 15
VisualStudioVersion = 15.0.26730.8
MinimumVisualStudioVersion = 10.0.40219.1
Project("{FAE04EC0-301F-11D3-BF4B-00C04F79EFBC}") = "MVCWithDI", "MVCWithDI\MVCWithDI.csproj", "{9A0128D3-A38F-4BC8-81D6-12DCF9D7A89D}"
EndProject
Global
	GlobalSection(SolutionConfigurationPlatforms) = preSolution
		Debug|Any CPU = Debug|Any CPU
		Release|Any CPU = Release|Any CPU
	EndGlobalSection
	GlobalSection(ProjectConfigurationPlatforms) = postSolution
		{9A0128D3-A38F-4BC8-81D6-12DCF9D7A89D}.Debug|Any CPU.ActiveCfg = Debug|Any CPU
		{9A0128D3-A38F-4BC8-81D6-12DCF9D7A89D}.Debug|Any CPU.Build.0 = Debug|Any CPU
		{9A0128D3-A38F-4BC8-81D6-12DCF9D7A89D}.Release|Any CPU.ActiveCfg = Release|Any CPU
		{9A0128D3-A38F-4BC8-81D6-12DCF9D7A89D}.Release|Any CPU.Build.0 = Release|Any CPU
	EndGlobalSection
	GlobalSection(SolutionProperties) = preSolution
		HideSolutionNode = FALSE
	EndGlobalSection
	GlobalSection(ExtensibilityGlobals) = postSolution
		SolutionGuid = {0C0820B7-F10F-4882-9FCC-18D48C971F09}
	EndGlobalSection
EndGlobal
